// !$*UTF8*$!
{
	archiveVersion = 1;
	classes = {
	};
	objectVersion = 46;
	objects = {

/* Begin PBXBuildFile section */
		36AB89F41BE4DDDB003C0E5B /* main.c in Sources */ = {isa = PBXBuildFile; fileRef = 36AB89F31BE4DDDB003C0E5B /* main.c */; };
		36AB89FB1BE4DDFB003C0E5B /* imageFilters.c in Sources */ = {isa = PBXBuildFile; fileRef = 36AB89F51BE4DDFB003C0E5B /* imageFilters.c */; };
		36AB89FC1BE4DDFB003C0E5B /* imageBasicOps.c in Sources */ = {isa = PBXBuildFile; fileRef = 36AB89F71BE4DDFB003C0E5B /* imageBasicOps.c */; };
		36AB89FD1BE4DDFB003C0E5B /* imageUtilities.c in Sources */ = {isa = PBXBuildFile; fileRef = 36AB89F91BE4DDFB003C0E5B /* imageUtilities.c */; };
		36AB8A011BE7D161003C0E5B /* test.c in Sources */ = {isa = PBXBuildFile; fileRef = 36AB89FF1BE7D161003C0E5B /* test.c */; };
		36AB8A041BEDFB69003C0E5B /* helperFunctions.c in Sources */ = {isa = PBXBuildFile; fileRef = 36AB8A021BEDFB69003C0E5B /* helperFunctions.c */; };
		36AB8A071BEE47A8003C0E5B /* imageFilterOps.c in Sources */ = {isa = PBXBuildFile; fileRef = 36AB8A051BEE47A8003C0E5B /* imageFilterOps.c */; };
/* End PBXBuildFile section */

/* Begin PBXCopyFilesBuildPhase section */
		36AB89E71BE4DD61003C0E5B /* CopyFiles */ = {
			isa = PBXCopyFilesBuildPhase;
			buildActionMask = 2147483647;
			dstPath = /usr/share/man/man1/;
			dstSubfolderSpec = 0;
			files = (
			);
			runOnlyForDeploymentPostprocessing = 1;
		};
/* End PBXCopyFilesBuildPhase section */

/* Begin PBXFileReference section */
		36AB89E91BE4DD61003C0E5B /* EdgeFilters */ = {isa = PBXFileReference; explicitFileType = "compiled.mach-o.executable"; includeInIndex = 0; path = EdgeFilters; sourceTree = BUILT_PRODUCTS_DIR; };
		36AB89F31BE4DDDB003C0E5B /* main.c */ = {isa = PBXFileReference; fileEncoding = 4; lastKnownFileType = sourcecode.c.c; path = main.c; sourceTree = "<group>"; };
		36AB89F51BE4DDFB003C0E5B /* imageFilters.c */ = {isa = PBXFileReference; fileEncoding = 4; lastKnownFileType = sourcecode.c.c; path = imageFilters.c; sourceTree = "<group>"; };
		36AB89F61BE4DDFB003C0E5B /* imageFilters.h */ = {isa = PBXFileReference; fileEncoding = 4; lastKnownFileType = sourcecode.c.h; path = imageFilters.h; sourceTree = "<group>"; };
		36AB89F71BE4DDFB003C0E5B /* imageBasicOps.c */ = {isa = PBXFileReference; fileEncoding = 4; lastKnownFileType = sourcecode.c.c; path = imageBasicOps.c; sourceTree = "<group>"; };
		36AB89F81BE4DDFB003C0E5B /* imageBasicOps.h */ = {isa = PBXFileReference; fileEncoding = 4; lastKnownFileType = sourcecode.c.h; path = imageBasicOps.h; sourceTree = "<group>"; };
		36AB89F91BE4DDFB003C0E5B /* imageUtilities.c */ = {isa = PBXFileReference; fileEncoding = 4; lastKnownFileType = sourcecode.c.c; path = imageUtilities.c; sourceTree = "<group>"; };
		36AB89FA1BE4DDFB003C0E5B /* imageUtilities.h */ = {isa = PBXFileReference; fileEncoding = 4; lastKnownFileType = sourcecode.c.h; path = imageUtilities.h; sourceTree = "<group>"; };
		36AB89FF1BE7D161003C0E5B /* test.c */ = {isa = PBXFileReference; fileEncoding = 4; lastKnownFileType = sourcecode.c.c; path = test.c; sourceTree = "<group>"; };
		36AB8A001BE7D161003C0E5B /* test.h */ = {isa = PBXFileReference; fileEncoding = 4; lastKnownFileType = sourcecode.c.h; path = test.h; sourceTree = "<group>"; };
		36AB8A021BEDFB69003C0E5B /* helperFunctions.c */ = {isa = PBXFileReference; fileEncoding = 4; lastKnownFileType = sourcecode.c.c; path = helperFunctions.c; sourceTree = "<group>"; };
		36AB8A031BEDFB69003C0E5B /* helperFunctions.h */ = {isa = PBXFileReference; fileEncoding = 4; lastKnownFileType = sourcecode.c.h; path = helperFunctions.h; sourceTree = "<group>"; };
		36AB8A051BEE47A8003C0E5B /* imageFilterOps.c */ = {isa = PBXFileReference; fileEncoding = 4; lastKnownFileType = sourcecode.c.c; path = imageFilterOps.c; sourceTree = "<group>"; };
		36AB8A061BEE47A8003C0E5B /* imageFilterOps.h */ = {isa = PBXFileReference; fileEncoding = 4; lastKnownFileType = sourcecode.c.h; path = imageFilterOps.h; sourceTree = "<group>"; };
/* End PBXFileReference section */

/* Begin PBXFrameworksBuildPhase section */
		36AB89E61BE4DD61003C0E5B /* Frameworks */ = {
			isa = PBXFrameworksBuildPhase;
			buildActionMask = 2147483647;
			files = (
			);
			runOnlyForDeploymentPostprocessing = 0;
		};
/* End PBXFrameworksBuildPhase section */

/* Begin PBXGroup section */
		36AB89E01BE4DD61003C0E5B = {
			isa = PBXGroup;
			children = (
				36AB89EB1BE4DD61003C0E5B /* EdgeFilters */,
				36AB89EA1BE4DD61003C0E5B /* Products */,
			);
			sourceTree = "<group>";
		};
		36AB89EA1BE4DD61003C0E5B /* Products */ = {
			isa = PBXGroup;
			children = (
				36AB89E91BE4DD61003C0E5B /* EdgeFilters */,
			);
			name = Products;
			sourceTree = "<group>";
		};
		36AB89EB1BE4DD61003C0E5B /* EdgeFilters */ = {
			isa = PBXGroup;
			children = (
				36AB89F51BE4DDFB003C0E5B /* imageFilters.c */,
				36AB89F61BE4DDFB003C0E5B /* imageFilters.h */,
				36AB89F71BE4DDFB003C0E5B /* imageBasicOps.c */,
				36AB89F81BE4DDFB003C0E5B /* imageBasicOps.h */,
				36AB89F91BE4DDFB003C0E5B /* imageUtilities.c */,
				36AB89FA1BE4DDFB003C0E5B /* imageUtilities.h */,
				36AB89F31BE4DDDB003C0E5B /* main.c */,
				36AB89FF1BE7D161003C0E5B /* test.c */,
				36AB8A001BE7D161003C0E5B /* test.h */,
				36AB8A021BEDFB69003C0E5B /* helperFunctions.c */,
				36AB8A031BEDFB69003C0E5B /* helperFunctions.h */,
				36AB8A051BEE47A8003C0E5B /* imageFilterOps.c */,
				36AB8A061BEE47A8003C0E5B /* imageFilterOps.h */,
			);
			path = EdgeFilters;
			sourceTree = "<group>";
		};
/* End PBXGroup section */

/* Begin PBXNativeTarget section */
		36AB89E81BE4DD61003C0E5B /* EdgeFilters */ = {
			isa = PBXNativeTarget;
			buildConfigurationList = 36AB89F01BE4DD61003C0E5B /* Build configuration list for PBXNativeTarget "EdgeFilters" */;
			buildPhases = (
				36AB89E51BE4DD61003C0E5B /* Sources */,
				36AB89E61BE4DD61003C0E5B /* Frameworks */,
				36AB89E71BE4DD61003C0E5B /* CopyFiles */,
			);
			buildRules = (
			);
			dependencies = (
			);
			name = EdgeFilters;
			productName = EdgeFilters;
			productReference = 36AB89E91BE4DD61003C0E5B /* EdgeFilters */;
			productType = "com.apple.product-type.tool";
		};
/* End PBXNativeTarget section */

/* Begin PBXProject section */
		36AB89E11BE4DD61003C0E5B /* Project object */ = {
			isa = PBXProject;
			attributes = {
				LastUpgradeCheck = 0710;
				ORGANIZATIONNAME = "Gianluca Gerard";
				TargetAttributes = {
					36AB89E81BE4DD61003C0E5B = {
						CreatedOnToolsVersion = 7.1;
					};
				};
			};
			buildConfigurationList = 36AB89E41BE4DD61003C0E5B /* Build configuration list for PBXProject "EdgeFilters" */;
			compatibilityVersion = "Xcode 3.2";
			developmentRegion = English;
			hasScannedForEncodings = 0;
			knownRegions = (
				en,
			);
			mainGroup = 36AB89E01BE4DD61003C0E5B;
			productRefGroup = 36AB89EA1BE4DD61003C0E5B /* Products */;
			projectDirPath = "";
			projectRoot = "";
			targets = (
				36AB89E81BE4DD61003C0E5B /* EdgeFilters */,
			);
		};
/* End PBXProject section */

/* Begin PBXSourcesBuildPhase section */
		36AB89E51BE4DD61003C0E5B /* Sources */ = {
			isa = PBXSourcesBuildPhase;
			buildActionMask = 2147483647;
			files = (
				36AB8A011BE7D161003C0E5B /* test.c in Sources */,
				36AB8A071BEE47A8003C0E5B /* imageFilterOps.c in Sources */,
				36AB89FD1BE4DDFB003C0E5B /* imageUtilities.c in Sources */,
				36AB89F41BE4DDDB003C0E5B /* main.c in Sources */,
				36AB8A041BEDFB69003C0E5B /* helperFunctions.c in Sources */,
				36AB89FB1BE4DDFB003C0E5B /* imageFilters.c in Sources */,
				36AB89FC1BE4DDFB003C0E5B /* imageBasicOps.c in Sources */,
			);
			runOnlyForDeploymentPostprocessing = 0;
		};
/* End PBXSourcesBuildPhase section */

/* Begin XCBuildConfiguration section */
		36AB89EE1BE4DD61003C0E5B /* Debug */ = {
			isa = XCBuildConfiguration;
			buildSettings = {
				ALWAYS_SEARCH_USER_PATHS = NO;
				CLANG_CXX_LANGUAGE_STANDARD = "gnu++0x";
				CLANG_CXX_LIBRARY = "libc++";
				CLANG_ENABLE_MODULES = YES;
				CLANG_ENABLE_OBJC_ARC = YES;
				CLANG_WARN_BOOL_CONVERSION = YES;
				CLANG_WARN_CONSTANT_CONVERSION = YES;
				CLANG_WARN_DIRECT_OBJC_ISA_USAGE = YES_ERROR;
				CLANG_WARN_EMPTY_BODY = YES;
				CLANG_WARN_ENUM_CONVERSION = YES;
				CLANG_WARN_INT_CONVERSION = YES;
				CLANG_WARN_OBJC_ROOT_CLASS = YES_ERROR;
				CLANG_WARN_UNREACHABLE_CODE = YES;
				CLANG_WARN__DUPLICATE_METHOD_MATCH = YES;
				CODE_SIGN_IDENTITY = "-";
				COPY_PHASE_STRIP = NO;
				DEBUG_INFORMATION_FORMAT = dwarf;
				ENABLE_STRICT_OBJC_MSGSEND = YES;
				ENABLE_TESTABILITY = YES;
				GCC_C_LANGUAGE_STANDARD = gnu99;
				GCC_DYNAMIC_NO_PIC = NO;
				GCC_NO_COMMON_BLOCKS = YES;
				GCC_OPTIMIZATION_LEVEL = 0;
				GCC_PREPROCESSOR_DEFINITIONS = (
					"DEBUG=1",
					"$(inherited)",
				);
				GCC_WARN_64_TO_32_BIT_CONVERSION = YES;
				GCC_WARN_ABOUT_RETURN_TYPE = YES_ERROR;
				GCC_WARN_UNDECLARED_SELECTOR = YES;
				GCC_WARN_UNINITIALIZED_AUTOS = YES_AGGRESSIVE;
				GCC_WARN_UNUSED_FUNCTION = YES;
				GCC_WARN_UNUSED_VARIABLE = YES;
				MACOSX_DEPLOYMENT_TARGET = 10.11;
				MTL_ENABLE_DEBUG_INFO = YES;
				ONLY_ACTIVE_ARCH = YES;
				SDKROOT = macosx;
			};
			name = Debug;
		};
		36AB89EF1BE4DD61003C0E5B /* Release */ = {
			isa = XCBuildConfiguration;
			buildSettings = {
				ALWAYS_SEARCH_USER_PATHS = NO;
				CLANG_CXX_LANGUAGE_STANDARD = "gnu++0x";
				CLANG_CXX_LIBRARY = "libc++";
				CLANG_ENABLE_MODULES = YES;
				CLANG_ENABLE_OBJC_ARC = YES;
				CLANG_WARN_BOOL_CONVERSION = YES;
				CLANG_WARN_CONSTANT_CONVERSION = YES;
				CLANG_WARN_DIRECT_OBJC_ISA_USAGE = YES_ERROR;
				CLANG_WARN_EMPTY_BODY = YES;
				CLANG_WARN_ENUM_CONVERSION = YES;
				CLANG_WARN_INT_CONVERSION = YES;
				CLANG_WARN_OBJC_ROOT_CLASS = YES_ERROR;
				CLANG_WARN_UNREACHABLE_CODE = YES;
				CLANG_WARN__DUPLICATE_METHOD_MATCH = YES;
				CODE_SIGN_IDENTITY = "-";
				COPY_PHASE_STRIP = NO;
				DEBUG_INFORMATION_FORMAT = "dwarf-with-dsym";
				ENABLE_NS_ASSERTIONS = NO;
				ENABLE_STRICT_OBJC_MSGSEND = YES;
				GCC_C_LANGUAGE_STANDARD = gnu99;
				GCC_NO_COMMON_BLOCKS = YES;
				GCC_WARN_64_TO_32_BIT_CONVERSION = YES;
				GCC_WARN_ABOUT_RETURN_TYPE = YES_ERROR;
				GCC_WARN_UNDECLARED_SELECTOR = YES;
				GCC_WARN_UNINITIALIZED_AUTOS = YES_AGGRESSIVE;
				GCC_WARN_UNUSED_FUNCTION = YES;
				GCC_WARN_UNUSED_VARIABLE = YES;
				MACOSX_DEPLOYMENT_TARGET = 10.11;
				MTL_ENABLE_DEBUG_INFO = NO;
				SDKROOT = macosx;
			};
			name = Release;
		};
		36AB89F11BE4DD61003C0E5B /* Debug */ = {
			isa = XCBuildConfiguration;
			buildSettings = {
				PRODUCT_NAME = "$(TARGET_NAME)";
			};
			name = Debug;
		};
		36AB89F21BE4DD61003C0E5B /* Release */ = {
			isa = XCBuildConfiguration;
			buildSettings = {
				PRODUCT_NAME = "$(TARGET_NAME)";
			};
			name = Release;
		};
/* End XCBuildConfiguration section */

/* Begin XCConfigurationList section */
		36AB89E41BE4DD61003C0E5B /* Build configuration list for PBXProject "EdgeFilters" */ = {
			isa = XCConfigurationList;
			buildConfigurations = (
				36AB89EE1BE4DD61003C0E5B /* Debug */,
				36AB89EF1BE4DD61003C0E5B /* Release */,
			);
			defaultConfigurationIsVisible = 0;
			defaultConfigurationName = Release;
		};
		36AB89F01BE4DD61003C0E5B /* Build configuration list for PBXNativeTarget "EdgeFilters" */ = {
			isa = XCConfigurationList;
			buildConfigurations = (
				36AB89F11BE4DD61003C0E5B /* Debug */,
				36AB89F21BE4DD61003C0E5B /* Release */,
			);
			defaultConfigurationIsVisible = 0;
			defaultConfigurationName = Release;
		};
/* End XCConfigurationList section */
	};
	rootObject = 36AB89E11BE4DD61003C0E5B /* Project object */;
}
